
Microsoft Visual Studio Solution File, Format Version 12.00
# Visual Studio 15
VisualStudioVersion = 15.0.27130.2010
MinimumVisualStudioVersion = 10.0.40219.1
Project("{9092AA53-FB77-4645-B42D-1CCCA6BD08BD}") = "Screeps", "Screeps.njsproj", "{783917DD-28C2-49E8-968C-87E03DD6240F}"
	ProjectSection(ProjectDependencies) = postProject
		{1D1DF56F-E175-4669-AF84-9510643C154E} = {1D1DF56F-E175-4669-AF84-9510643C154E}
	EndProjectSection
EndProject
Project("{9092AA53-FB77-4645-B42D-1CCCA6BD08BD}") = "Screeps-Typescript-Declarations", "Screeps-Typescript-Declarations.njsproj", "{1D1DF56F-E175-4669-AF84-9510643C154E}"
EndProject
Global
	GlobalSection(SolutionConfigurationPlatforms) = preSolution
		Debug|Any CPU = Debug|Any CPU
		Release|Any CPU = Release|Any CPU
	EndGlobalSection
	GlobalSection(ProjectConfigurationPlatforms) = postSolution
		{783917DD-28C2-49E8-968C-87E03DD6240F}.Debug|Any CPU.ActiveCfg = Debug|Any CPU
		{783917DD-28C2-49E8-968C-87E03DD6240F}.Debug|Any CPU.Build.0 = Debug|Any CPU
		{783917DD-28C2-49E8-968C-87E03DD6240F}.Release|Any CPU.ActiveCfg = Release|Any CPU
		{783917DD-28C2-49E8-968C-87E03DD6240F}.Release|Any CPU.Build.0 = Release|Any CPU
		{1D1DF56F-E175-4669-AF84-9510643C154E}.Debug|Any CPU.ActiveCfg = Debug|Any CPU
		{1D1DF56F-E175-4669-AF84-9510643C154E}.Debug|Any CPU.Build.0 = Debug|Any CPU
		{1D1DF56F-E175-4669-AF84-9510643C154E}.Release|Any CPU.ActiveCfg = Release|Any CPU
		{1D1DF56F-E175-4669-AF84-9510643C154E}.Release|Any CPU.Build.0 = Release|Any CPU
	EndGlobalSection
	GlobalSection(SolutionProperties) = preSolution
		HideSolutionNode = FALSE
	EndGlobalSection
	GlobalSection(ExtensibilityGlobals) = postSolution
		SolutionGuid = {DAACDC07-5848-4265-9E06-DC37D53B409F}
	EndGlobalSection
EndGlobal
